
Microsoft Visual Studio Solution File, Format Version 12.00
# Visual Studio Version 16
VisualStudioVersion = 16.0.31911.196
MinimumVisualStudioVersion = 10.0.40219.1
Project("{6EC3EE1D-3C4E-46DD-8F32-0CC8E7565705}") = "Day1", "Day1\Day1.fsproj", "{EDAD5F07-F4BE-4294-8013-4C3F0E3F2BD6}"
EndProject
Project("{6EC3EE1D-3C4E-46DD-8F32-0CC8E7565705}") = "Day2", "Day2\Day2.fsproj", "{ACB18965-0FE2-4919-A609-3B75B0DAAF75}"
EndProject
Project("{6EC3EE1D-3C4E-46DD-8F32-0CC8E7565705}") = "Day3", "Day3\Day3.fsproj", "{ABD39FCC-3E96-4DC5-8122-5F3B9358B380}"
EndProject
Project("{6EC3EE1D-3C4E-46DD-8F32-0CC8E7565705}") = "Day4", "Day4\Day4.fsproj", "{5B061F35-A6D2-40C4-B92E-87648C9A4D14}"
EndProject
Project("{6EC3EE1D-3C4E-46DD-8F32-0CC8E7565705}") = "Day5", "Day5\Day5.fsproj", "{D1477B6C-A89E-4757-9890-774E5A557D4D}"
EndProject
Project("{6EC3EE1D-3C4E-46DD-8F32-0CC8E7565705}") = "Day6", "Day6\Day6.fsproj", "{189E0EB1-BAF6-4088-BAD0-00AF7B91B9E5}"
EndProject
Project("{6EC3EE1D-3C4E-46DD-8F32-0CC8E7565705}") = "Day7", "Day7\Day7.fsproj", "{03333C3C-B28F-4710-93E1-4F36E7A33760}"
EndProject
Project("{F2A71F9B-5D33-465A-A702-920D77279786}") = "Day8", "Day8\Day8.fsproj", "{55DD4CBE-AD3A-41B0-A043-DF920C502412}"
EndProject
Global
	GlobalSection(SolutionConfigurationPlatforms) = preSolution
		Debug|Any CPU = Debug|Any CPU
		Release|Any CPU = Release|Any CPU
	EndGlobalSection
	GlobalSection(ProjectConfigurationPlatforms) = postSolution
		{EDAD5F07-F4BE-4294-8013-4C3F0E3F2BD6}.Debug|Any CPU.ActiveCfg = Debug|Any CPU
		{EDAD5F07-F4BE-4294-8013-4C3F0E3F2BD6}.Debug|Any CPU.Build.0 = Debug|Any CPU
		{EDAD5F07-F4BE-4294-8013-4C3F0E3F2BD6}.Release|Any CPU.ActiveCfg = Release|Any CPU
		{EDAD5F07-F4BE-4294-8013-4C3F0E3F2BD6}.Release|Any CPU.Build.0 = Release|Any CPU
		{ACB18965-0FE2-4919-A609-3B75B0DAAF75}.Debug|Any CPU.ActiveCfg = Debug|Any CPU
		{ACB18965-0FE2-4919-A609-3B75B0DAAF75}.Debug|Any CPU.Build.0 = Debug|Any CPU
		{ACB18965-0FE2-4919-A609-3B75B0DAAF75}.Release|Any CPU.ActiveCfg = Release|Any CPU
		{ACB18965-0FE2-4919-A609-3B75B0DAAF75}.Release|Any CPU.Build.0 = Release|Any CPU
		{ABD39FCC-3E96-4DC5-8122-5F3B9358B380}.Debug|Any CPU.ActiveCfg = Debug|Any CPU
		{ABD39FCC-3E96-4DC5-8122-5F3B9358B380}.Debug|Any CPU.Build.0 = Debug|Any CPU
		{ABD39FCC-3E96-4DC5-8122-5F3B9358B380}.Release|Any CPU.ActiveCfg = Release|Any CPU
		{ABD39FCC-3E96-4DC5-8122-5F3B9358B380}.Release|Any CPU.Build.0 = Release|Any CPU
		{5B061F35-A6D2-40C4-B92E-87648C9A4D14}.Debug|Any CPU.ActiveCfg = Debug|Any CPU
		{5B061F35-A6D2-40C4-B92E-87648C9A4D14}.Debug|Any CPU.Build.0 = Debug|Any CPU
		{5B061F35-A6D2-40C4-B92E-87648C9A4D14}.Release|Any CPU.ActiveCfg = Release|Any CPU
		{5B061F35-A6D2-40C4-B92E-87648C9A4D14}.Release|Any CPU.Build.0 = Release|Any CPU
		{D1477B6C-A89E-4757-9890-774E5A557D4D}.Debug|Any CPU.ActiveCfg = Debug|Any CPU
		{D1477B6C-A89E-4757-9890-774E5A557D4D}.Debug|Any CPU.Build.0 = Debug|Any CPU
		{D1477B6C-A89E-4757-9890-774E5A557D4D}.Release|Any CPU.ActiveCfg = Release|Any CPU
		{D1477B6C-A89E-4757-9890-774E5A557D4D}.Release|Any CPU.Build.0 = Release|Any CPU
		{189E0EB1-BAF6-4088-BAD0-00AF7B91B9E5}.Debug|Any CPU.ActiveCfg = Debug|Any CPU
		{189E0EB1-BAF6-4088-BAD0-00AF7B91B9E5}.Debug|Any CPU.Build.0 = Debug|Any CPU
		{189E0EB1-BAF6-4088-BAD0-00AF7B91B9E5}.Release|Any CPU.ActiveCfg = Release|Any CPU
		{189E0EB1-BAF6-4088-BAD0-00AF7B91B9E5}.Release|Any CPU.Build.0 = Release|Any CPU
		{03333C3C-B28F-4710-93E1-4F36E7A33760}.Debug|Any CPU.ActiveCfg = Debug|Any CPU
		{03333C3C-B28F-4710-93E1-4F36E7A33760}.Debug|Any CPU.Build.0 = Debug|Any CPU
		{03333C3C-B28F-4710-93E1-4F36E7A33760}.Release|Any CPU.ActiveCfg = Release|Any CPU
		{03333C3C-B28F-4710-93E1-4F36E7A33760}.Release|Any CPU.Build.0 = Release|Any CPU
		{55DD4CBE-AD3A-41B0-A043-DF920C502412}.Debug|Any CPU.ActiveCfg = Debug|Any CPU
		{55DD4CBE-AD3A-41B0-A043-DF920C502412}.Debug|Any CPU.Build.0 = Debug|Any CPU
		{55DD4CBE-AD3A-41B0-A043-DF920C502412}.Release|Any CPU.ActiveCfg = Release|Any CPU
		{55DD4CBE-AD3A-41B0-A043-DF920C502412}.Release|Any CPU.Build.0 = Release|Any CPU
	EndGlobalSection
	GlobalSection(SolutionProperties) = preSolution
		HideSolutionNode = FALSE
	EndGlobalSection
	GlobalSection(ExtensibilityGlobals) = postSolution
		SolutionGuid = {F060EE19-A8ED-4795-B003-43748400AD74}
	EndGlobalSection
EndGlobal
